{
  "originHash" : "cd506b379dd642570849e719ff648ebc5d0a8a5a02023ee670b147d49eaeb8df",
  "pins" : [
    {
      "identity" : "libtess",
      "kind" : "remoteSourceControl",
      "location" : "https://github.com/aestesis/libtess.git",
      "state" : {
        "branch" : "master",
        "revision" : "45e1819be91de0374f0fecfde1f6811a8cb5ee95"
      }
    }
  ],
  "version" : 3
}
