{
  "originHash" : "82f2e388354904de82ab770f9b9bd7a96a7c5f78b39daee408b800d1b2901889",
  "pins" : [
    {
      "identity" : "libtess",
      "kind" : "remoteSourceControl",
      "location" : "https://github.com/aestesis/libtess.git",
      "state" : {
        "branch" : "master",
        "revision" : "45e1819be91de0374f0fecfde1f6811a8cb5ee95"
      }
    }
  ],
  "version" : 3
}
